
Microsoft Visual Studio Solution File, Format Version 12.00
# Visual Studio 2012
Project("{8BC9CEB8-8B4A-11D0-8D11-00A0C91BC942}") = "Coroutines", "Libraries\Coroutines\Coroutines.vcxproj", "{54BFF38A-225E-4D93-B7E4-4E2ED63D61A8}"
EndProject
Project("{8BC9CEB8-8B4A-11D0-8D11-00A0C91BC942}") = "Util", "Libraries\Util\Util.vcxproj", "{6A17AB57-C114-4F80-A519-BFE238566DF4}"
EndProject
Project("{2150E333-8FDC-42A3-9474-1A3956D46DE8}") = "Libraries", "Libraries", "{51D5187C-E874-4AC2-B6EC-CA1546D2C8BC}"
EndProject
Project("{2150E333-8FDC-42A3-9474-1A3956D46DE8}") = "Sketches", "Sketches", "{5070CC61-50F6-4568-BC88-10962D185ABB}"
EndProject
Project("{8BC9CEB8-8B4A-11D0-8D11-00A0C91BC942}") = "DutyCycle", "Sketches\DutyCycle\DutyCycle.vcxproj", "{5974CEF3-8E7F-4D4F-B7D0-F06FA4692218}"
EndProject
Project("{8BC9CEB8-8B4A-11D0-8D11-00A0C91BC942}") = "BleepDrum", "Sketches\BleepDrum\BleepDrum.vcxproj", "{D23980D8-7D65-48BA-A457-0CCF0768FA05}"
	ProjectSection(ProjectDependencies) = postProject
		{B3C118A5-CFBC-4F92-904F-48AD8FCEE1EA} = {B3C118A5-CFBC-4F92-904F-48AD8FCEE1EA}
	EndProjectSection
EndProject
Project("{8BC9CEB8-8B4A-11D0-8D11-00A0C91BC942}") = "MIDI", "Libraries\MIDI\MIDI.vcxproj", "{B3C118A5-CFBC-4F92-904F-48AD8FCEE1EA}"
EndProject
Project("{8BC9CEB8-8B4A-11D0-8D11-00A0C91BC942}") = "UberLatch", "Sketches\UberLatch\UberLatch.vcxproj", "{48B3DB65-39C7-4126-ADA9-6A0CC227C4FF}"
EndProject
Project("{8BC9CEB8-8B4A-11D0-8D11-00A0C91BC942}") = "LFO", "Sketches\LFO\LFO.vcxproj", "{6EB65546-44DB-4BB5-A73D-A89E4EE9BC81}"
EndProject
Global
	GlobalSection(SolutionConfigurationPlatforms) = preSolution
		Debug|Win32 = Debug|Win32
		Release|Win32 = Release|Win32
	EndGlobalSection
	GlobalSection(ProjectConfigurationPlatforms) = postSolution
		{54BFF38A-225E-4D93-B7E4-4E2ED63D61A8}.Debug|Win32.ActiveCfg = Debug|Win32
		{54BFF38A-225E-4D93-B7E4-4E2ED63D61A8}.Debug|Win32.Build.0 = Debug|Win32
		{54BFF38A-225E-4D93-B7E4-4E2ED63D61A8}.Release|Win32.ActiveCfg = Release|Win32
		{54BFF38A-225E-4D93-B7E4-4E2ED63D61A8}.Release|Win32.Build.0 = Release|Win32
		{6A17AB57-C114-4F80-A519-BFE238566DF4}.Debug|Win32.ActiveCfg = Debug|Win32
		{6A17AB57-C114-4F80-A519-BFE238566DF4}.Debug|Win32.Build.0 = Debug|Win32
		{6A17AB57-C114-4F80-A519-BFE238566DF4}.Release|Win32.ActiveCfg = Release|Win32
		{6A17AB57-C114-4F80-A519-BFE238566DF4}.Release|Win32.Build.0 = Release|Win32
		{5974CEF3-8E7F-4D4F-B7D0-F06FA4692218}.Debug|Win32.ActiveCfg = Debug|Win32
		{5974CEF3-8E7F-4D4F-B7D0-F06FA4692218}.Debug|Win32.Build.0 = Debug|Win32
		{5974CEF3-8E7F-4D4F-B7D0-F06FA4692218}.Release|Win32.ActiveCfg = Release|Win32
		{5974CEF3-8E7F-4D4F-B7D0-F06FA4692218}.Release|Win32.Build.0 = Release|Win32
		{D23980D8-7D65-48BA-A457-0CCF0768FA05}.Debug|Win32.ActiveCfg = Debug|Win32
		{D23980D8-7D65-48BA-A457-0CCF0768FA05}.Debug|Win32.Build.0 = Debug|Win32
		{D23980D8-7D65-48BA-A457-0CCF0768FA05}.Release|Win32.ActiveCfg = Release|Win32
		{D23980D8-7D65-48BA-A457-0CCF0768FA05}.Release|Win32.Build.0 = Release|Win32
		{B3C118A5-CFBC-4F92-904F-48AD8FCEE1EA}.Debug|Win32.ActiveCfg = Debug|Win32
		{B3C118A5-CFBC-4F92-904F-48AD8FCEE1EA}.Debug|Win32.Build.0 = Debug|Win32
		{B3C118A5-CFBC-4F92-904F-48AD8FCEE1EA}.Release|Win32.ActiveCfg = Release|Win32
		{B3C118A5-CFBC-4F92-904F-48AD8FCEE1EA}.Release|Win32.Build.0 = Release|Win32
		{48B3DB65-39C7-4126-ADA9-6A0CC227C4FF}.Debug|Win32.ActiveCfg = Debug|Win32
		{48B3DB65-39C7-4126-ADA9-6A0CC227C4FF}.Debug|Win32.Build.0 = Debug|Win32
		{48B3DB65-39C7-4126-ADA9-6A0CC227C4FF}.Release|Win32.ActiveCfg = Release|Win32
		{48B3DB65-39C7-4126-ADA9-6A0CC227C4FF}.Release|Win32.Build.0 = Release|Win32
		{6EB65546-44DB-4BB5-A73D-A89E4EE9BC81}.Debug|Win32.ActiveCfg = Debug|Win32
		{6EB65546-44DB-4BB5-A73D-A89E4EE9BC81}.Debug|Win32.Build.0 = Debug|Win32
		{6EB65546-44DB-4BB5-A73D-A89E4EE9BC81}.Release|Win32.ActiveCfg = Release|Win32
		{6EB65546-44DB-4BB5-A73D-A89E4EE9BC81}.Release|Win32.Build.0 = Release|Win32
	EndGlobalSection
	GlobalSection(SolutionProperties) = preSolution
		HideSolutionNode = FALSE
	EndGlobalSection
	GlobalSection(NestedProjects) = preSolution
		{6A17AB57-C114-4F80-A519-BFE238566DF4} = {51D5187C-E874-4AC2-B6EC-CA1546D2C8BC}
		{54BFF38A-225E-4D93-B7E4-4E2ED63D61A8} = {51D5187C-E874-4AC2-B6EC-CA1546D2C8BC}
		{B3C118A5-CFBC-4F92-904F-48AD8FCEE1EA} = {51D5187C-E874-4AC2-B6EC-CA1546D2C8BC}
		{5974CEF3-8E7F-4D4F-B7D0-F06FA4692218} = {5070CC61-50F6-4568-BC88-10962D185ABB}
		{D23980D8-7D65-48BA-A457-0CCF0768FA05} = {5070CC61-50F6-4568-BC88-10962D185ABB}
		{48B3DB65-39C7-4126-ADA9-6A0CC227C4FF} = {5070CC61-50F6-4568-BC88-10962D185ABB}
		{6EB65546-44DB-4BB5-A73D-A89E4EE9BC81} = {5070CC61-50F6-4568-BC88-10962D185ABB}
	EndGlobalSection
EndGlobal
